// !$*UTF8*$!
{
	archiveVersion = 1;
	classes = {
	};
	objectVersion = 63;
	objects = {

/* Begin PBXBuildFile section */
		19E7131355C9B391B56C04C0 /* GameControllerManager.swift in Sources */ = {isa = PBXBuildFile; fileRef = 3D40E4EAE45676B44FA961C6 /* GameControllerManager.swift */; };
		215A6144AFE656F4E28EF4C6 /* WebKit.framework in Frameworks */ = {isa = PBXBuildFile; fileRef = F64C17D0F5DD72CE98C46578 /* WebKit.framework */; };
		710AC38D7B43421D27AEF378 /* WebViewRepresentable.swift in Sources */ = {isa = PBXBuildFile; fileRef = A786EC54E2F968E74FADEF08 /* WebViewRepresentable.swift */; };
		A908F2AC227E70F7F4C8CFC7 /* ContentView.swift in Sources */ = {isa = PBXBuildFile; fileRef = 83FB837656CC077E99C57031 /* ContentView.swift */; };
		C4075B6364DB184DADB2DF51 /* CatLaserApp.swift in Sources */ = {isa = PBXBuildFile; fileRef = 49F47CF3F52E0097E97EF2F0 /* CatLaserApp.swift */; };
		E554B23EE6287EB770FECACA /* GameController.framework in Frameworks */ = {isa = PBXBuildFile; fileRef = CBD49C187B2680FFEA9AC6B9 /* GameController.framework */; };
/* End PBXBuildFile section */

/* Begin PBXFileReference section */
		0089AD007CE9BE9DBC488983 /* CatLaser.app */ = {isa = PBXFileReference; explicitFileType = wrapper.application; includeInIndex = 0; path = CatLaser.app; sourceTree = BUILT_PRODUCTS_DIR; };
		3D40E4EAE45676B44FA961C6 /* GameControllerManager.swift */ = {isa = PBXFileReference; lastKnownFileType = sourcecode.swift; path = GameControllerManager.swift; sourceTree = "<group>"; };
		49F47CF3F52E0097E97EF2F0 /* CatLaserApp.swift */ = {isa = PBXFileReference; lastKnownFileType = sourcecode.swift; path = CatLaserApp.swift; sourceTree = "<group>"; };
		80A5D6F5A0F326E49BC9DF9E /* Info.plist */ = {isa = PBXFileReference; lastKnownFileType = text.plist; path = Info.plist; sourceTree = "<group>"; };
		83FB837656CC077E99C57031 /* ContentView.swift */ = {isa = PBXFileReference; lastKnownFileType = sourcecode.swift; path = ContentView.swift; sourceTree = "<group>"; };
		A786EC54E2F968E74FADEF08 /* WebViewRepresentable.swift */ = {isa = PBXFileReference; lastKnownFileType = sourcecode.swift; path = WebViewRepresentable.swift; sourceTree = "<group>"; };
		CBD49C187B2680FFEA9AC6B9 /* GameController.framework */ = {isa = PBXFileReference; lastKnownFileType = wrapper.framework; name = GameController.framework; path = System/Library/Frameworks/GameController.framework; sourceTree = SDKROOT; };
		F64C17D0F5DD72CE98C46578 /* WebKit.framework */ = {isa = PBXFileReference; lastKnownFileType = wrapper.framework; name = WebKit.framework; path = System/Library/Frameworks/WebKit.framework; sourceTree = SDKROOT; };
/* End PBXFileReference section */

/* Begin PBXFrameworksBuildPhase section */
		F1502078264801937AFBB7BF /* Frameworks */ = {
			isa = PBXFrameworksBuildPhase;
			buildActionMask = 2147483647;
			files = (
				E554B23EE6287EB770FECACA /* GameController.framework in Frameworks */,
				215A6144AFE656F4E28EF4C6 /* WebKit.framework in Frameworks */,
			);
			runOnlyForDeploymentPostprocessing = 0;
		};
/* End PBXFrameworksBuildPhase section */

/* Begin PBXGroup section */
		7DF22FE0BBC88745298716F7 /* Products */ = {
			isa = PBXGroup;
			children = (
				0089AD007CE9BE9DBC488983 /* CatLaser.app */,
			);
			name = Products;
			sourceTree = "<group>";
		};
		A928498BC45086081092BE1D = {
			isa = PBXGroup;
			children = (
				D430273E04B5E00BA5AD6FE4 /* CatLaser */,
				C16ED0C8B072820DDF309C36 /* Frameworks */,
				7DF22FE0BBC88745298716F7 /* Products */,
			);
			sourceTree = "<group>";
		};
		C16ED0C8B072820DDF309C36 /* Frameworks */ = {
			isa = PBXGroup;
			children = (
				CBD49C187B2680FFEA9AC6B9 /* GameController.framework */,
				F64C17D0F5DD72CE98C46578 /* WebKit.framework */,
			);
			name = Frameworks;
			sourceTree = "<group>";
		};
		D430273E04B5E00BA5AD6FE4 /* CatLaser */ = {
			isa = PBXGroup;
			children = (
				49F47CF3F52E0097E97EF2F0 /* CatLaserApp.swift */,
				83FB837656CC077E99C57031 /* ContentView.swift */,
				3D40E4EAE45676B44FA961C6 /* GameControllerManager.swift */,
				80A5D6F5A0F326E49BC9DF9E /* Info.plist */,
				A786EC54E2F968E74FADEF08 /* WebViewRepresentable.swift */,
			);
			path = CatLaser;
			sourceTree = "<group>";
		};
/* End PBXGroup section */

/* Begin PBXNativeTarget section */
		6226608324F510F43D0FAF85 /* CatLaser */ = {
			isa = PBXNativeTarget;
			buildConfigurationList = 4664D9551AB17951477FC833 /* Build configuration list for PBXNativeTarget "CatLaser" */;
			buildPhases = (
				651859E1E0BDD5F78E95B5A0 /* Sources */,
				F1502078264801937AFBB7BF /* Frameworks */,
			);
			buildRules = (
			);
			dependencies = (
			);
			name = CatLaser;
			packageProductDependencies = (
			);
			productName = CatLaser;
			productReference = 0089AD007CE9BE9DBC488983 /* CatLaser.app */;
			productType = "com.apple.product-type.application";
		};
/* End PBXNativeTarget section */

/* Begin PBXProject section */
		EB3168F60EBDE9F8D206A902 /* Project object */ = {
			isa = PBXProject;
			attributes = {
				BuildIndependentTargetsInParallel = YES;
				LastUpgradeCheck = 1430;
			};
			buildConfigurationList = F89F836C9F71517FBD01201B /* Build configuration list for PBXProject "CatLaser" */;
			compatibilityVersion = "Xcode 14.0";
			developmentRegion = en;
			hasScannedForEncodings = 0;
			knownRegions = (
				Base,
				en,
			);
			mainGroup = A928498BC45086081092BE1D;
			minimizedProjectReferenceProxies = 1;
			projectDirPath = "";
			projectRoot = "";
			targets = (
				6226608324F510F43D0FAF85 /* CatLaser */,
			);
		};
/* End PBXProject section */

/* Begin PBXSourcesBuildPhase section */
		651859E1E0BDD5F78E95B5A0 /* Sources */ = {
			isa = PBXSourcesBuildPhase;
			buildActionMask = 2147483647;
			files = (
				C4075B6364DB184DADB2DF51 /* CatLaserApp.swift in Sources */,
				A908F2AC227E70F7F4C8CFC7 /* ContentView.swift in Sources */,
				19E7131355C9B391B56C04C0 /* GameControllerManager.swift in Sources */,
				710AC38D7B43421D27AEF378 /* WebViewRepresentable.swift in Sources */,
			);
			runOnlyForDeploymentPostprocessing = 0;
		};
/* End PBXSourcesBuildPhase section */

/* Begin XCBuildConfiguration section */
		0C154ED0362951C5951F3744 /* Debug */ = {
			isa = XCBuildConfiguration;
			buildSettings = {
				ALWAYS_SEARCH_USER_PATHS = NO;
				CLANG_ANALYZER_NONNULL = YES;
				CLANG_ANALYZER_NUMBER_OBJECT_CONVERSION = YES_AGGRESSIVE;
				CLANG_CXX_LANGUAGE_STANDARD = "gnu++14";
				CLANG_CXX_LIBRARY = "libc++";
				CLANG_ENABLE_MODULES = YES;
				CLANG_ENABLE_OBJC_ARC = YES;
				CLANG_ENABLE_OBJC_WEAK = YES;
				CLANG_WARN_BLOCK_CAPTURE_AUTORELEASING = YES;
				CLANG_WARN_BOOL_CONVERSION = YES;
				CLANG_WARN_COMMA = YES;
				CLANG_WARN_CONSTANT_CONVERSION = YES;
				CLANG_WARN_DEPRECATED_OBJC_IMPLEMENTATIONS = YES;
				CLANG_WARN_DIRECT_OBJC_ISA_USAGE = YES_ERROR;
				CLANG_WARN_DOCUMENTATION_COMMENTS = YES;
				CLANG_WARN_EMPTY_BODY = YES;
				CLANG_WARN_ENUM_CONVERSION = YES;
				CLANG_WARN_INFINITE_RECURSION = YES;
				CLANG_WARN_INT_CONVERSION = YES;
				CLANG_WARN_NON_LITERAL_NULL_CONVERSION = YES;
				CLANG_WARN_OBJC_IMPLICIT_RETAIN_SELF = YES;
				CLANG_WARN_OBJC_LITERAL_CONVERSION = YES;
				CLANG_WARN_OBJC_ROOT_CLASS = YES_ERROR;
				CLANG_WARN_QUOTED_INCLUDE_IN_FRAMEWORK_HEADER = YES;
				CLANG_WARN_RANGE_LOOP_ANALYSIS = YES;
				CLANG_WARN_STRICT_PROTOTYPES = YES;
				CLANG_WARN_SUSPICIOUS_MOVE = YES;
				CLANG_WARN_UNGUARDED_AVAILABILITY = YES_AGGRESSIVE;
				CLANG_WARN_UNREACHABLE_CODE = YES;
				CLANG_WARN__DUPLICATE_METHOD_MATCH = YES;
				COPY_PHASE_STRIP = NO;
				DEBUG_INFORMATION_FORMAT = dwarf;
				ENABLE_STRICT_OBJC_MSGSEND = YES;
				ENABLE_TESTABILITY = YES;
				GCC_C_LANGUAGE_STANDARD = gnu11;
				GCC_DYNAMIC_NO_PIC = NO;
				GCC_NO_COMMON_BLOCKS = YES;
				GCC_OPTIMIZATION_LEVEL = 0;
				GCC_PREPROCESSOR_DEFINITIONS = (
					"$(inherited)",
					"DEBUG=1",
				);
				GCC_WARN_64_TO_32_BIT_CONVERSION = YES;
				GCC_WARN_ABOUT_RETURN_TYPE = YES_ERROR;
				GCC_WARN_UNDECLARED_SELECTOR = YES;
				GCC_WARN_UNINITIALIZED_AUTOS = YES_AGGRESSIVE;
				GCC_WARN_UNUSED_FUNCTION = YES;
				GCC_WARN_UNUSED_VARIABLE = YES;
				IPHONEOS_DEPLOYMENT_TARGET = 15.0;
				MTL_ENABLE_DEBUG_INFO = INCLUDE_SOURCE;
				MTL_FAST_MATH = YES;
				ONLY_ACTIVE_ARCH = YES;
				PRODUCT_NAME = "$(TARGET_NAME)";
				SDKROOT = iphoneos;
				SWIFT_ACTIVE_COMPILATION_CONDITIONS = DEBUG;
				SWIFT_OPTIMIZATION_LEVEL = "-Onone";
				SWIFT_VERSION = 5.0;
			};
			name = Debug;
		};
		1B8D4A9B1A88BE3E33C9980C /* Release */ = {
			isa = XCBuildConfiguration;
			buildSettings = {
				ASSETCATALOG_COMPILER_APPICON_NAME = AppIcon;
				CODE_SIGN_IDENTITY = "iPhone Developer";
				CURRENT_PROJECT_VERSION = 1;
				DEVELOPMENT_TEAM = 9JR2GW6CWR;
				GENERATE_INFOPLIST_FILE = NO;
				INFOPLIST_FILE = CatLaser/Info.plist;
				LD_RUNPATH_SEARCH_PATHS = (
					"$(inherited)",
					"@executable_path/Frameworks",
				);
				MARKETING_VERSION = 1.0;
				PRODUCT_BUNDLE_IDENTIFIER = com.catlaser.app;
				SDKROOT = iphoneos;
				SWIFT_VERSION = 5.9;
				TARGETED_DEVICE_FAMILY = 1;
			};
			name = Release;
		};
		22EE1EC5907AB29078938E67 /* Release */ = {
			isa = XCBuildConfiguration;
			buildSettings = {
				ALWAYS_SEARCH_USER_PATHS = NO;
				CLANG_ANALYZER_NONNULL = YES;
				CLANG_ANALYZER_NUMBER_OBJECT_CONVERSION = YES_AGGRESSIVE;
				CLANG_CXX_LANGUAGE_STANDARD = "gnu++14";
				CLANG_CXX_LIBRARY = "libc++";
				CLANG_ENABLE_MODULES = YES;
				CLANG_ENABLE_OBJC_ARC = YES;
				CLANG_ENABLE_OBJC_WEAK = YES;
				CLANG_WARN_BLOCK_CAPTURE_AUTORELEASING = YES;
				CLANG_WARN_BOOL_CONVERSION = YES;
				CLANG_WARN_COMMA = YES;
				CLANG_WARN_CONSTANT_CONVERSION = YES;
				CLANG_WARN_DEPRECATED_OBJC_IMPLEMENTATIONS = YES;
				CLANG_WARN_DIRECT_OBJC_ISA_USAGE = YES_ERROR;
				CLANG_WARN_DOCUMENTATION_COMMENTS = YES;
				CLANG_WARN_EMPTY_BODY = YES;
				CLANG_WARN_ENUM_CONVERSION = YES;
				CLANG_WARN_INFINITE_RECURSION = YES;
				CLANG_WARN_INT_CONVERSION = YES;
				CLANG_WARN_NON_LITERAL_NULL_CONVERSION = YES;
				CLANG_WARN_OBJC_IMPLICIT_RETAIN_SELF = YES;
				CLANG_WARN_OBJC_LITERAL_CONVERSION = YES;
				CLANG_WARN_OBJC_ROOT_CLASS = YES_ERROR;
				CLANG_WARN_QUOTED_INCLUDE_IN_FRAMEWORK_HEADER = YES;
				CLANG_WARN_RANGE_LOOP_ANALYSIS = YES;
				CLANG_WARN_STRICT_PROTOTYPES = YES;
				CLANG_WARN_SUSPICIOUS_MOVE = YES;
				CLANG_WARN_UNGUARDED_AVAILABILITY = YES_AGGRESSIVE;
				CLANG_WARN_UNREACHABLE_CODE = YES;
				CLANG_WARN__DUPLICATE_METHOD_MATCH = YES;
				COPY_PHASE_STRIP = NO;
				DEBUG_INFORMATION_FORMAT = "dwarf-with-dsym";
				ENABLE_NS_ASSERTIONS = NO;
				ENABLE_STRICT_OBJC_MSGSEND = YES;
				GCC_C_LANGUAGE_STANDARD = gnu11;
				GCC_NO_COMMON_BLOCKS = YES;
				GCC_WARN_64_TO_32_BIT_CONVERSION = YES;
				GCC_WARN_ABOUT_RETURN_TYPE = YES_ERROR;
				GCC_WARN_UNDECLARED_SELECTOR = YES;
				GCC_WARN_UNINITIALIZED_AUTOS = YES_AGGRESSIVE;
				GCC_WARN_UNUSED_FUNCTION = YES;
				GCC_WARN_UNUSED_VARIABLE = YES;
				IPHONEOS_DEPLOYMENT_TARGET = 15.0;
				MTL_ENABLE_DEBUG_INFO = NO;
				MTL_FAST_MATH = YES;
				PRODUCT_NAME = "$(TARGET_NAME)";
				SDKROOT = iphoneos;
				SWIFT_COMPILATION_MODE = wholemodule;
				SWIFT_OPTIMIZATION_LEVEL = "-O";
				SWIFT_VERSION = 5.0;
			};
			name = Release;
		};
		E4A7CBC8C11EB5237E41A1DB /* Debug */ = {
			isa = XCBuildConfiguration;
			buildSettings = {
				ASSETCATALOG_COMPILER_APPICON_NAME = AppIcon;
				CODE_SIGN_IDENTITY = "iPhone Developer";
				CURRENT_PROJECT_VERSION = 1;
				DEVELOPMENT_TEAM = 9JR2GW6CWR;
				GENERATE_INFOPLIST_FILE = NO;
				INFOPLIST_FILE = CatLaser/Info.plist;
				LD_RUNPATH_SEARCH_PATHS = (
					"$(inherited)",
					"@executable_path/Frameworks",
				);
				MARKETING_VERSION = 1.0;
				PRODUCT_BUNDLE_IDENTIFIER = com.catlaser.app;
				SDKROOT = iphoneos;
				SWIFT_VERSION = 5.9;
				TARGETED_DEVICE_FAMILY = 1;
			};
			name = Debug;
		};
/* End XCBuildConfiguration section */

/* Begin XCConfigurationList section */
		4664D9551AB17951477FC833 /* Build configuration list for PBXNativeTarget "CatLaser" */ = {
			isa = XCConfigurationList;
			buildConfigurations = (
				E4A7CBC8C11EB5237E41A1DB /* Debug */,
				1B8D4A9B1A88BE3E33C9980C /* Release */,
			);
			defaultConfigurationIsVisible = 0;
			defaultConfigurationName = Debug;
		};
		F89F836C9F71517FBD01201B /* Build configuration list for PBXProject "CatLaser" */ = {
			isa = XCConfigurationList;
			buildConfigurations = (
				0C154ED0362951C5951F3744 /* Debug */,
				22EE1EC5907AB29078938E67 /* Release */,
			);
			defaultConfigurationIsVisible = 0;
			defaultConfigurationName = Debug;
		};
/* End XCConfigurationList section */
	};
	rootObject = EB3168F60EBDE9F8D206A902 /* Project object */;
}
